
Microsoft Visual Studio Solution File, Format Version 12.00
# Visual Studio Version 16
VisualStudioVersion = 16.0.31112.23
MinimumVisualStudioVersion = 10.0.40219.1
Project("{8BC9CEB8-8B4A-11D0-8D11-00A0C91BC942}") = "Server", "Project1\Project1.vcxproj", "{64AC489E-0BCE-48C6-8B17-E685B735EE41}"
EndProject
Project("{8BC9CEB8-8B4A-11D0-8D11-00A0C91BC942}") = "Client", "Client\Client.vcxproj", "{42AC1EEA-B25F-4669-AB3D-A7872C15A499}"
	ProjectSection(ProjectDependencies) = postProject
		{918827BA-729C-4ACA-BD58-1656A970FDA8} = {918827BA-729C-4ACA-BD58-1656A970FDA8}
	EndProjectSection
EndProject
Project("{8BC9CEB8-8B4A-11D0-8D11-00A0C91BC942}") = "StaticBufferLibrary", "StaticBufferLibrary\StaticBufferLibrary.vcxproj", "{918827BA-729C-4ACA-BD58-1656A970FDA8}"
EndProject
Project("{8BC9CEB8-8B4A-11D0-8D11-00A0C91BC942}") = "AuthServer", "AuthServer\AuthServer.vcxproj", "{CC68DEA2-A883-4D39-A62A-F9406A425196}"
EndProject
Global
	GlobalSection(SolutionConfigurationPlatforms) = preSolution
		Debug|x64 = Debug|x64
		Debug|x86 = Debug|x86
		Release|x64 = Release|x64
		Release|x86 = Release|x86
	EndGlobalSection
	GlobalSection(ProjectConfigurationPlatforms) = postSolution
		{64AC489E-0BCE-48C6-8B17-E685B735EE41}.Debug|x64.ActiveCfg = Debug|x64
		{64AC489E-0BCE-48C6-8B17-E685B735EE41}.Debug|x64.Build.0 = Debug|x64
		{64AC489E-0BCE-48C6-8B17-E685B735EE41}.Debug|x86.ActiveCfg = Debug|Win32
		{64AC489E-0BCE-48C6-8B17-E685B735EE41}.Debug|x86.Build.0 = Debug|Win32
		{64AC489E-0BCE-48C6-8B17-E685B735EE41}.Release|x64.ActiveCfg = Release|x64
		{64AC489E-0BCE-48C6-8B17-E685B735EE41}.Release|x64.Build.0 = Release|x64
		{64AC489E-0BCE-48C6-8B17-E685B735EE41}.Release|x86.ActiveCfg = Release|Win32
		{64AC489E-0BCE-48C6-8B17-E685B735EE41}.Release|x86.Build.0 = Release|Win32
		{42AC1EEA-B25F-4669-AB3D-A7872C15A499}.Debug|x64.ActiveCfg = Debug|x64
		{42AC1EEA-B25F-4669-AB3D-A7872C15A499}.Debug|x64.Build.0 = Debug|x64
		{42AC1EEA-B25F-4669-AB3D-A7872C15A499}.Debug|x86.ActiveCfg = Debug|Win32
		{42AC1EEA-B25F-4669-AB3D-A7872C15A499}.Debug|x86.Build.0 = Debug|Win32
		{42AC1EEA-B25F-4669-AB3D-A7872C15A499}.Release|x64.ActiveCfg = Release|x64
		{42AC1EEA-B25F-4669-AB3D-A7872C15A499}.Release|x64.Build.0 = Release|x64
		{42AC1EEA-B25F-4669-AB3D-A7872C15A499}.Release|x86.ActiveCfg = Release|Win32
		{42AC1EEA-B25F-4669-AB3D-A7872C15A499}.Release|x86.Build.0 = Release|Win32
		{918827BA-729C-4ACA-BD58-1656A970FDA8}.Debug|x64.ActiveCfg = Debug|x64
		{918827BA-729C-4ACA-BD58-1656A970FDA8}.Debug|x64.Build.0 = Debug|x64
		{918827BA-729C-4ACA-BD58-1656A970FDA8}.Debug|x86.ActiveCfg = Debug|Win32
		{918827BA-729C-4ACA-BD58-1656A970FDA8}.Debug|x86.Build.0 = Debug|Win32
		{918827BA-729C-4ACA-BD58-1656A970FDA8}.Release|x64.ActiveCfg = Release|x64
		{918827BA-729C-4ACA-BD58-1656A970FDA8}.Release|x64.Build.0 = Release|x64
		{918827BA-729C-4ACA-BD58-1656A970FDA8}.Release|x86.ActiveCfg = Release|Win32
		{918827BA-729C-4ACA-BD58-1656A970FDA8}.Release|x86.Build.0 = Release|Win32
		{CC68DEA2-A883-4D39-A62A-F9406A425196}.Debug|x64.ActiveCfg = Debug|x64
		{CC68DEA2-A883-4D39-A62A-F9406A425196}.Debug|x64.Build.0 = Debug|x64
		{CC68DEA2-A883-4D39-A62A-F9406A425196}.Debug|x86.ActiveCfg = Debug|Win32
		{CC68DEA2-A883-4D39-A62A-F9406A425196}.Debug|x86.Build.0 = Debug|Win32
		{CC68DEA2-A883-4D39-A62A-F9406A425196}.Release|x64.ActiveCfg = Release|x64
		{CC68DEA2-A883-4D39-A62A-F9406A425196}.Release|x64.Build.0 = Release|x64
		{CC68DEA2-A883-4D39-A62A-F9406A425196}.Release|x86.ActiveCfg = Release|Win32
		{CC68DEA2-A883-4D39-A62A-F9406A425196}.Release|x86.Build.0 = Release|Win32
	EndGlobalSection
	GlobalSection(SolutionProperties) = preSolution
		HideSolutionNode = FALSE
	EndGlobalSection
	GlobalSection(ExtensibilityGlobals) = postSolution
		SolutionGuid = {E6FF6DF7-0014-474C-95DB-4FC4E05DCFEC}
	EndGlobalSection
EndGlobal
